
Microsoft Visual Studio Solution File, Format Version 12.00
# Visual Studio Version 16
VisualStudioVersion = 16.0.30503.244
MinimumVisualStudioVersion = 10.0.40219.1
Project("{FAE04EC0-301F-11D3-BF4B-00C04F79EFBC}") = "Movies.Web", "Movies.Web\Movies.Web.csproj", "{4205BCBC-208F-4BD1-A16D-C9F3671D2D67}"
EndProject
Project("{2150E333-8FDC-42A3-9474-1A3956D46DE8}") = "RightPoint.Framework", "RightPoint.Framework", "{06002C67-C3F1-4B46-8BAF-EE9B5DFB2B49}"
EndProject
Project("{FAE04EC0-301F-11D3-BF4B-00C04F79EFBC}") = "RightPoint.Framework.Utilities", "RightPoint.Framework\Utilities\RightPoint.Framework.Utilities.csproj", "{35467CD3-94AA-4BB7-A20F-F135D462FEF3}"
EndProject
Project("{FAE04EC0-301F-11D3-BF4B-00C04F79EFBC}") = "RightPoint.Business", "RightPoint.Business\RightPoint.Business.csproj", "{00321C18-F95B-43B8-B630-C6CBEC74D53B}"
EndProject
Project("{FAE04EC0-301F-11D3-BF4B-00C04F79EFBC}") = "RightPoint", "RightPoint.Framework\RightPoint\_Source\RightPoint.csproj", "{690BE151-04F3-433A-9325-9BA3BCD31A8E}"
EndProject
Project("{FAE04EC0-301F-11D3-BF4B-00C04F79EFBC}") = "RightPoint.Data", "RightPoint.Framework\RightPoint.Data\RightPoint.Data.csproj", "{43BDC50E-B7AD-4E3D-BBCA-A68982F7573D}"
EndProject
Global
	GlobalSection(SolutionConfigurationPlatforms) = preSolution
		Checkout Project Only|Any CPU = Checkout Project Only|Any CPU
		Checkout Project Only|x64 = Checkout Project Only|x64
		Checkout Project Only|x86 = Checkout Project Only|x86
		Debug|Any CPU = Debug|Any CPU
		Debug|x64 = Debug|x64
		Debug|x86 = Debug|x86
		LambdasOnly|Any CPU = LambdasOnly|Any CPU
		LambdasOnly|x64 = LambdasOnly|x64
		LambdasOnly|x86 = LambdasOnly|x86
		Main Project Only|Any CPU = Main Project Only|Any CPU
		Main Project Only|x64 = Main Project Only|x64
		Main Project Only|x86 = Main Project Only|x86
		Release|Any CPU = Release|Any CPU
		Release|x64 = Release|x64
		Release|x86 = Release|x86
		Test|Any CPU = Test|Any CPU
		Test|x64 = Test|x64
		Test|x86 = Test|x86
		UnitTest|Any CPU = UnitTest|Any CPU
		UnitTest|x64 = UnitTest|x64
		UnitTest|x86 = UnitTest|x86
		x86 For Profiling|Any CPU = x86 For Profiling|Any CPU
		x86 For Profiling|x64 = x86 For Profiling|x64
		x86 For Profiling|x86 = x86 For Profiling|x86
	EndGlobalSection
	GlobalSection(ProjectConfigurationPlatforms) = postSolution
		{4205BCBC-208F-4BD1-A16D-C9F3671D2D67}.Checkout Project Only|Any CPU.ActiveCfg = Debug|Any CPU
		{4205BCBC-208F-4BD1-A16D-C9F3671D2D67}.Checkout Project Only|Any CPU.Build.0 = Debug|Any CPU
		{4205BCBC-208F-4BD1-A16D-C9F3671D2D67}.Checkout Project Only|x64.ActiveCfg = Debug|Any CPU
		{4205BCBC-208F-4BD1-A16D-C9F3671D2D67}.Checkout Project Only|x64.Build.0 = Debug|Any CPU
		{4205BCBC-208F-4BD1-A16D-C9F3671D2D67}.Checkout Project Only|x86.ActiveCfg = Debug|Any CPU
		{4205BCBC-208F-4BD1-A16D-C9F3671D2D67}.Checkout Project Only|x86.Build.0 = Debug|Any CPU
		{4205BCBC-208F-4BD1-A16D-C9F3671D2D67}.Debug|Any CPU.ActiveCfg = Debug|Any CPU
		{4205BCBC-208F-4BD1-A16D-C9F3671D2D67}.Debug|Any CPU.Build.0 = Debug|Any CPU
		{4205BCBC-208F-4BD1-A16D-C9F3671D2D67}.Debug|x64.ActiveCfg = Debug|Any CPU
		{4205BCBC-208F-4BD1-A16D-C9F3671D2D67}.Debug|x64.Build.0 = Debug|Any CPU
		{4205BCBC-208F-4BD1-A16D-C9F3671D2D67}.Debug|x86.ActiveCfg = Debug|Any CPU
		{4205BCBC-208F-4BD1-A16D-C9F3671D2D67}.Debug|x86.Build.0 = Debug|Any CPU
		{4205BCBC-208F-4BD1-A16D-C9F3671D2D67}.LambdasOnly|Any CPU.ActiveCfg = Release|Any CPU
		{4205BCBC-208F-4BD1-A16D-C9F3671D2D67}.LambdasOnly|Any CPU.Build.0 = Release|Any CPU
		{4205BCBC-208F-4BD1-A16D-C9F3671D2D67}.LambdasOnly|x64.ActiveCfg = Release|Any CPU
		{4205BCBC-208F-4BD1-A16D-C9F3671D2D67}.LambdasOnly|x64.Build.0 = Release|Any CPU
		{4205BCBC-208F-4BD1-A16D-C9F3671D2D67}.LambdasOnly|x86.ActiveCfg = Release|Any CPU
		{4205BCBC-208F-4BD1-A16D-C9F3671D2D67}.LambdasOnly|x86.Build.0 = Release|Any CPU
		{4205BCBC-208F-4BD1-A16D-C9F3671D2D67}.Main Project Only|Any CPU.ActiveCfg = Debug|Any CPU
		{4205BCBC-208F-4BD1-A16D-C9F3671D2D67}.Main Project Only|Any CPU.Build.0 = Debug|Any CPU
		{4205BCBC-208F-4BD1-A16D-C9F3671D2D67}.Main Project Only|x64.ActiveCfg = Debug|Any CPU
		{4205BCBC-208F-4BD1-A16D-C9F3671D2D67}.Main Project Only|x64.Build.0 = Debug|Any CPU
		{4205BCBC-208F-4BD1-A16D-C9F3671D2D67}.Main Project Only|x86.ActiveCfg = Debug|Any CPU
		{4205BCBC-208F-4BD1-A16D-C9F3671D2D67}.Main Project Only|x86.Build.0 = Debug|Any CPU
		{4205BCBC-208F-4BD1-A16D-C9F3671D2D67}.Release|Any CPU.ActiveCfg = Release|Any CPU
		{4205BCBC-208F-4BD1-A16D-C9F3671D2D67}.Release|Any CPU.Build.0 = Release|Any CPU
		{4205BCBC-208F-4BD1-A16D-C9F3671D2D67}.Release|x64.ActiveCfg = Release|Any CPU
		{4205BCBC-208F-4BD1-A16D-C9F3671D2D67}.Release|x64.Build.0 = Release|Any CPU
		{4205BCBC-208F-4BD1-A16D-C9F3671D2D67}.Release|x86.ActiveCfg = Release|Any CPU
		{4205BCBC-208F-4BD1-A16D-C9F3671D2D67}.Release|x86.Build.0 = Release|Any CPU
		{4205BCBC-208F-4BD1-A16D-C9F3671D2D67}.Test|Any CPU.ActiveCfg = Debug|Any CPU
		{4205BCBC-208F-4BD1-A16D-C9F3671D2D67}.Test|Any CPU.Build.0 = Debug|Any CPU
		{4205BCBC-208F-4BD1-A16D-C9F3671D2D67}.Test|x64.ActiveCfg = Debug|Any CPU
		{4205BCBC-208F-4BD1-A16D-C9F3671D2D67}.Test|x64.Build.0 = Debug|Any CPU
		{4205BCBC-208F-4BD1-A16D-C9F3671D2D67}.Test|x86.ActiveCfg = Debug|Any CPU
		{4205BCBC-208F-4BD1-A16D-C9F3671D2D67}.Test|x86.Build.0 = Debug|Any CPU
		{4205BCBC-208F-4BD1-A16D-C9F3671D2D67}.UnitTest|Any CPU.ActiveCfg = Debug|Any CPU
		{4205BCBC-208F-4BD1-A16D-C9F3671D2D67}.UnitTest|Any CPU.Build.0 = Debug|Any CPU
		{4205BCBC-208F-4BD1-A16D-C9F3671D2D67}.UnitTest|x64.ActiveCfg = Debug|Any CPU
		{4205BCBC-208F-4BD1-A16D-C9F3671D2D67}.UnitTest|x64.Build.0 = Debug|Any CPU
		{4205BCBC-208F-4BD1-A16D-C9F3671D2D67}.UnitTest|x86.ActiveCfg = Debug|Any CPU
		{4205BCBC-208F-4BD1-A16D-C9F3671D2D67}.UnitTest|x86.Build.0 = Debug|Any CPU
		{4205BCBC-208F-4BD1-A16D-C9F3671D2D67}.x86 For Profiling|Any CPU.ActiveCfg = Debug|Any CPU
		{4205BCBC-208F-4BD1-A16D-C9F3671D2D67}.x86 For Profiling|Any CPU.Build.0 = Debug|Any CPU
		{4205BCBC-208F-4BD1-A16D-C9F3671D2D67}.x86 For Profiling|x64.ActiveCfg = Debug|Any CPU
		{4205BCBC-208F-4BD1-A16D-C9F3671D2D67}.x86 For Profiling|x64.Build.0 = Debug|Any CPU
		{4205BCBC-208F-4BD1-A16D-C9F3671D2D67}.x86 For Profiling|x86.ActiveCfg = Debug|Any CPU
		{4205BCBC-208F-4BD1-A16D-C9F3671D2D67}.x86 For Profiling|x86.Build.0 = Debug|Any CPU
		{35467CD3-94AA-4BB7-A20F-F135D462FEF3}.Checkout Project Only|Any CPU.ActiveCfg = Debug|Any CPU
		{35467CD3-94AA-4BB7-A20F-F135D462FEF3}.Checkout Project Only|Any CPU.Build.0 = Debug|Any CPU
		{35467CD3-94AA-4BB7-A20F-F135D462FEF3}.Checkout Project Only|x64.ActiveCfg = Debug|Any CPU
		{35467CD3-94AA-4BB7-A20F-F135D462FEF3}.Checkout Project Only|x64.Build.0 = Debug|Any CPU
		{35467CD3-94AA-4BB7-A20F-F135D462FEF3}.Checkout Project Only|x86.ActiveCfg = Debug|Any CPU
		{35467CD3-94AA-4BB7-A20F-F135D462FEF3}.Checkout Project Only|x86.Build.0 = Debug|Any CPU
		{35467CD3-94AA-4BB7-A20F-F135D462FEF3}.Debug|Any CPU.ActiveCfg = Debug|Any CPU
		{35467CD3-94AA-4BB7-A20F-F135D462FEF3}.Debug|Any CPU.Build.0 = Debug|Any CPU
		{35467CD3-94AA-4BB7-A20F-F135D462FEF3}.Debug|x64.ActiveCfg = Debug|Any CPU
		{35467CD3-94AA-4BB7-A20F-F135D462FEF3}.Debug|x64.Build.0 = Debug|Any CPU
		{35467CD3-94AA-4BB7-A20F-F135D462FEF3}.Debug|x86.ActiveCfg = Debug|Any CPU
		{35467CD3-94AA-4BB7-A20F-F135D462FEF3}.Debug|x86.Build.0 = Debug|Any CPU
		{35467CD3-94AA-4BB7-A20F-F135D462FEF3}.LambdasOnly|Any CPU.ActiveCfg = Release|Any CPU
		{35467CD3-94AA-4BB7-A20F-F135D462FEF3}.LambdasOnly|Any CPU.Build.0 = Release|Any CPU
		{35467CD3-94AA-4BB7-A20F-F135D462FEF3}.LambdasOnly|x64.ActiveCfg = Release|Any CPU
		{35467CD3-94AA-4BB7-A20F-F135D462FEF3}.LambdasOnly|x64.Build.0 = Release|Any CPU
		{35467CD3-94AA-4BB7-A20F-F135D462FEF3}.LambdasOnly|x86.ActiveCfg = Release|Any CPU
		{35467CD3-94AA-4BB7-A20F-F135D462FEF3}.LambdasOnly|x86.Build.0 = Release|Any CPU
		{35467CD3-94AA-4BB7-A20F-F135D462FEF3}.Main Project Only|Any CPU.ActiveCfg = Debug|Any CPU
		{35467CD3-94AA-4BB7-A20F-F135D462FEF3}.Main Project Only|Any CPU.Build.0 = Debug|Any CPU
		{35467CD3-94AA-4BB7-A20F-F135D462FEF3}.Main Project Only|x64.ActiveCfg = Debug|Any CPU
		{35467CD3-94AA-4BB7-A20F-F135D462FEF3}.Main Project Only|x64.Build.0 = Debug|Any CPU
		{35467CD3-94AA-4BB7-A20F-F135D462FEF3}.Main Project Only|x86.ActiveCfg = Debug|Any CPU
		{35467CD3-94AA-4BB7-A20F-F135D462FEF3}.Main Project Only|x86.Build.0 = Debug|Any CPU
		{35467CD3-94AA-4BB7-A20F-F135D462FEF3}.Release|Any CPU.ActiveCfg = Release|Any CPU
		{35467CD3-94AA-4BB7-A20F-F135D462FEF3}.Release|Any CPU.Build.0 = Release|Any CPU
		{35467CD3-94AA-4BB7-A20F-F135D462FEF3}.Release|x64.ActiveCfg = Release|Any CPU
		{35467CD3-94AA-4BB7-A20F-F135D462FEF3}.Release|x64.Build.0 = Release|Any CPU
		{35467CD3-94AA-4BB7-A20F-F135D462FEF3}.Release|x86.ActiveCfg = Release|Any CPU
		{35467CD3-94AA-4BB7-A20F-F135D462FEF3}.Release|x86.Build.0 = Release|Any CPU
		{35467CD3-94AA-4BB7-A20F-F135D462FEF3}.Test|Any CPU.ActiveCfg = Debug|Any CPU
		{35467CD3-94AA-4BB7-A20F-F135D462FEF3}.Test|Any CPU.Build.0 = Debug|Any CPU
		{35467CD3-94AA-4BB7-A20F-F135D462FEF3}.Test|x64.ActiveCfg = Debug|Any CPU
		{35467CD3-94AA-4BB7-A20F-F135D462FEF3}.Test|x64.Build.0 = Debug|Any CPU
		{35467CD3-94AA-4BB7-A20F-F135D462FEF3}.Test|x86.ActiveCfg = Debug|Any CPU
		{35467CD3-94AA-4BB7-A20F-F135D462FEF3}.Test|x86.Build.0 = Debug|Any CPU
		{35467CD3-94AA-4BB7-A20F-F135D462FEF3}.UnitTest|Any CPU.ActiveCfg = Debug|Any CPU
		{35467CD3-94AA-4BB7-A20F-F135D462FEF3}.UnitTest|Any CPU.Build.0 = Debug|Any CPU
		{35467CD3-94AA-4BB7-A20F-F135D462FEF3}.UnitTest|x64.ActiveCfg = Debug|Any CPU
		{35467CD3-94AA-4BB7-A20F-F135D462FEF3}.UnitTest|x64.Build.0 = Debug|Any CPU
		{35467CD3-94AA-4BB7-A20F-F135D462FEF3}.UnitTest|x86.ActiveCfg = Debug|Any CPU
		{35467CD3-94AA-4BB7-A20F-F135D462FEF3}.UnitTest|x86.Build.0 = Debug|Any CPU
		{35467CD3-94AA-4BB7-A20F-F135D462FEF3}.x86 For Profiling|Any CPU.ActiveCfg = Debug|Any CPU
		{35467CD3-94AA-4BB7-A20F-F135D462FEF3}.x86 For Profiling|Any CPU.Build.0 = Debug|Any CPU
		{35467CD3-94AA-4BB7-A20F-F135D462FEF3}.x86 For Profiling|x64.ActiveCfg = Debug|Any CPU
		{35467CD3-94AA-4BB7-A20F-F135D462FEF3}.x86 For Profiling|x64.Build.0 = Debug|Any CPU
		{35467CD3-94AA-4BB7-A20F-F135D462FEF3}.x86 For Profiling|x86.ActiveCfg = Debug|Any CPU
		{35467CD3-94AA-4BB7-A20F-F135D462FEF3}.x86 For Profiling|x86.Build.0 = Debug|Any CPU
		{00321C18-F95B-43B8-B630-C6CBEC74D53B}.Checkout Project Only|Any CPU.ActiveCfg = Debug|Any CPU
		{00321C18-F95B-43B8-B630-C6CBEC74D53B}.Checkout Project Only|Any CPU.Build.0 = Debug|Any CPU
		{00321C18-F95B-43B8-B630-C6CBEC74D53B}.Checkout Project Only|x64.ActiveCfg = Debug|Any CPU
		{00321C18-F95B-43B8-B630-C6CBEC74D53B}.Checkout Project Only|x64.Build.0 = Debug|Any CPU
		{00321C18-F95B-43B8-B630-C6CBEC74D53B}.Checkout Project Only|x86.ActiveCfg = Debug|Any CPU
		{00321C18-F95B-43B8-B630-C6CBEC74D53B}.Checkout Project Only|x86.Build.0 = Debug|Any CPU
		{00321C18-F95B-43B8-B630-C6CBEC74D53B}.Debug|Any CPU.ActiveCfg = Debug|Any CPU
		{00321C18-F95B-43B8-B630-C6CBEC74D53B}.Debug|Any CPU.Build.0 = Debug|Any CPU
		{00321C18-F95B-43B8-B630-C6CBEC74D53B}.Debug|x64.ActiveCfg = Debug|Any CPU
		{00321C18-F95B-43B8-B630-C6CBEC74D53B}.Debug|x64.Build.0 = Debug|Any CPU
		{00321C18-F95B-43B8-B630-C6CBEC74D53B}.Debug|x86.ActiveCfg = Debug|Any CPU
		{00321C18-F95B-43B8-B630-C6CBEC74D53B}.Debug|x86.Build.0 = Debug|Any CPU
		{00321C18-F95B-43B8-B630-C6CBEC74D53B}.LambdasOnly|Any CPU.ActiveCfg = Release|Any CPU
		{00321C18-F95B-43B8-B630-C6CBEC74D53B}.LambdasOnly|Any CPU.Build.0 = Release|Any CPU
		{00321C18-F95B-43B8-B630-C6CBEC74D53B}.LambdasOnly|x64.ActiveCfg = Release|Any CPU
		{00321C18-F95B-43B8-B630-C6CBEC74D53B}.LambdasOnly|x64.Build.0 = Release|Any CPU
		{00321C18-F95B-43B8-B630-C6CBEC74D53B}.LambdasOnly|x86.ActiveCfg = Release|Any CPU
		{00321C18-F95B-43B8-B630-C6CBEC74D53B}.LambdasOnly|x86.Build.0 = Release|Any CPU
		{00321C18-F95B-43B8-B630-C6CBEC74D53B}.Main Project Only|Any CPU.ActiveCfg = Debug|Any CPU
		{00321C18-F95B-43B8-B630-C6CBEC74D53B}.Main Project Only|Any CPU.Build.0 = Debug|Any CPU
		{00321C18-F95B-43B8-B630-C6CBEC74D53B}.Main Project Only|x64.ActiveCfg = Debug|Any CPU
		{00321C18-F95B-43B8-B630-C6CBEC74D53B}.Main Project Only|x64.Build.0 = Debug|Any CPU
		{00321C18-F95B-43B8-B630-C6CBEC74D53B}.Main Project Only|x86.ActiveCfg = Debug|Any CPU
		{00321C18-F95B-43B8-B630-C6CBEC74D53B}.Main Project Only|x86.Build.0 = Debug|Any CPU
		{00321C18-F95B-43B8-B630-C6CBEC74D53B}.Release|Any CPU.ActiveCfg = Release|Any CPU
		{00321C18-F95B-43B8-B630-C6CBEC74D53B}.Release|Any CPU.Build.0 = Release|Any CPU
		{00321C18-F95B-43B8-B630-C6CBEC74D53B}.Release|x64.ActiveCfg = Release|Any CPU
		{00321C18-F95B-43B8-B630-C6CBEC74D53B}.Release|x64.Build.0 = Release|Any CPU
		{00321C18-F95B-43B8-B630-C6CBEC74D53B}.Release|x86.ActiveCfg = Release|Any CPU
		{00321C18-F95B-43B8-B630-C6CBEC74D53B}.Release|x86.Build.0 = Release|Any CPU
		{00321C18-F95B-43B8-B630-C6CBEC74D53B}.Test|Any CPU.ActiveCfg = Debug|Any CPU
		{00321C18-F95B-43B8-B630-C6CBEC74D53B}.Test|Any CPU.Build.0 = Debug|Any CPU
		{00321C18-F95B-43B8-B630-C6CBEC74D53B}.Test|x64.ActiveCfg = Debug|Any CPU
		{00321C18-F95B-43B8-B630-C6CBEC74D53B}.Test|x64.Build.0 = Debug|Any CPU
		{00321C18-F95B-43B8-B630-C6CBEC74D53B}.Test|x86.ActiveCfg = Debug|Any CPU
		{00321C18-F95B-43B8-B630-C6CBEC74D53B}.Test|x86.Build.0 = Debug|Any CPU
		{00321C18-F95B-43B8-B630-C6CBEC74D53B}.UnitTest|Any CPU.ActiveCfg = Debug|Any CPU
		{00321C18-F95B-43B8-B630-C6CBEC74D53B}.UnitTest|Any CPU.Build.0 = Debug|Any CPU
		{00321C18-F95B-43B8-B630-C6CBEC74D53B}.UnitTest|x64.ActiveCfg = Debug|Any CPU
		{00321C18-F95B-43B8-B630-C6CBEC74D53B}.UnitTest|x64.Build.0 = Debug|Any CPU
		{00321C18-F95B-43B8-B630-C6CBEC74D53B}.UnitTest|x86.ActiveCfg = Debug|Any CPU
		{00321C18-F95B-43B8-B630-C6CBEC74D53B}.UnitTest|x86.Build.0 = Debug|Any CPU
		{00321C18-F95B-43B8-B630-C6CBEC74D53B}.x86 For Profiling|Any CPU.ActiveCfg = Debug|Any CPU
		{00321C18-F95B-43B8-B630-C6CBEC74D53B}.x86 For Profiling|Any CPU.Build.0 = Debug|Any CPU
		{00321C18-F95B-43B8-B630-C6CBEC74D53B}.x86 For Profiling|x64.ActiveCfg = Debug|Any CPU
		{00321C18-F95B-43B8-B630-C6CBEC74D53B}.x86 For Profiling|x64.Build.0 = Debug|Any CPU
		{00321C18-F95B-43B8-B630-C6CBEC74D53B}.x86 For Profiling|x86.ActiveCfg = Debug|Any CPU
		{00321C18-F95B-43B8-B630-C6CBEC74D53B}.x86 For Profiling|x86.Build.0 = Debug|Any CPU
		{690BE151-04F3-433A-9325-9BA3BCD31A8E}.Checkout Project Only|Any CPU.ActiveCfg = Checkout Project Only|Any CPU
		{690BE151-04F3-433A-9325-9BA3BCD31A8E}.Checkout Project Only|Any CPU.Build.0 = Checkout Project Only|Any CPU
		{690BE151-04F3-433A-9325-9BA3BCD31A8E}.Checkout Project Only|x64.ActiveCfg = Checkout Project Only|x64
		{690BE151-04F3-433A-9325-9BA3BCD31A8E}.Checkout Project Only|x64.Build.0 = Checkout Project Only|x64
		{690BE151-04F3-433A-9325-9BA3BCD31A8E}.Checkout Project Only|x86.ActiveCfg = Checkout Project Only|x86
		{690BE151-04F3-433A-9325-9BA3BCD31A8E}.Checkout Project Only|x86.Build.0 = Checkout Project Only|x86
		{690BE151-04F3-433A-9325-9BA3BCD31A8E}.Debug|Any CPU.ActiveCfg = Debug|Any CPU
		{690BE151-04F3-433A-9325-9BA3BCD31A8E}.Debug|Any CPU.Build.0 = Debug|Any CPU
		{690BE151-04F3-433A-9325-9BA3BCD31A8E}.Debug|x64.ActiveCfg = Debug|x64
		{690BE151-04F3-433A-9325-9BA3BCD31A8E}.Debug|x64.Build.0 = Debug|x64
		{690BE151-04F3-433A-9325-9BA3BCD31A8E}.Debug|x86.ActiveCfg = Debug|x86
		{690BE151-04F3-433A-9325-9BA3BCD31A8E}.Debug|x86.Build.0 = Debug|x86
		{690BE151-04F3-433A-9325-9BA3BCD31A8E}.LambdasOnly|Any CPU.ActiveCfg = Debug|Any CPU
		{690BE151-04F3-433A-9325-9BA3BCD31A8E}.LambdasOnly|Any CPU.Build.0 = Debug|Any CPU
		{690BE151-04F3-433A-9325-9BA3BCD31A8E}.LambdasOnly|x64.ActiveCfg = Debug|x64
		{690BE151-04F3-433A-9325-9BA3BCD31A8E}.LambdasOnly|x64.Build.0 = Debug|x64
		{690BE151-04F3-433A-9325-9BA3BCD31A8E}.LambdasOnly|x86.ActiveCfg = Debug|x86
		{690BE151-04F3-433A-9325-9BA3BCD31A8E}.LambdasOnly|x86.Build.0 = Debug|x86
		{690BE151-04F3-433A-9325-9BA3BCD31A8E}.Main Project Only|Any CPU.ActiveCfg = Main Project Only|Any CPU
		{690BE151-04F3-433A-9325-9BA3BCD31A8E}.Main Project Only|Any CPU.Build.0 = Main Project Only|Any CPU
		{690BE151-04F3-433A-9325-9BA3BCD31A8E}.Main Project Only|x64.ActiveCfg = Main Project Only|x64
		{690BE151-04F3-433A-9325-9BA3BCD31A8E}.Main Project Only|x64.Build.0 = Main Project Only|x64
		{690BE151-04F3-433A-9325-9BA3BCD31A8E}.Main Project Only|x86.ActiveCfg = Main Project Only|x86
		{690BE151-04F3-433A-9325-9BA3BCD31A8E}.Main Project Only|x86.Build.0 = Main Project Only|x86
		{690BE151-04F3-433A-9325-9BA3BCD31A8E}.Release|Any CPU.ActiveCfg = Release|Any CPU
		{690BE151-04F3-433A-9325-9BA3BCD31A8E}.Release|Any CPU.Build.0 = Release|Any CPU
		{690BE151-04F3-433A-9325-9BA3BCD31A8E}.Release|x64.ActiveCfg = Release|x64
		{690BE151-04F3-433A-9325-9BA3BCD31A8E}.Release|x64.Build.0 = Release|x64
		{690BE151-04F3-433A-9325-9BA3BCD31A8E}.Release|x86.ActiveCfg = Release|x86
		{690BE151-04F3-433A-9325-9BA3BCD31A8E}.Release|x86.Build.0 = Release|x86
		{690BE151-04F3-433A-9325-9BA3BCD31A8E}.Test|Any CPU.ActiveCfg = Test|Any CPU
		{690BE151-04F3-433A-9325-9BA3BCD31A8E}.Test|Any CPU.Build.0 = Test|Any CPU
		{690BE151-04F3-433A-9325-9BA3BCD31A8E}.Test|x64.ActiveCfg = Test|x64
		{690BE151-04F3-433A-9325-9BA3BCD31A8E}.Test|x64.Build.0 = Test|x64
		{690BE151-04F3-433A-9325-9BA3BCD31A8E}.Test|x86.ActiveCfg = Test|x86
		{690BE151-04F3-433A-9325-9BA3BCD31A8E}.Test|x86.Build.0 = Test|x86
		{690BE151-04F3-433A-9325-9BA3BCD31A8E}.UnitTest|Any CPU.ActiveCfg = UnitTest|Any CPU
		{690BE151-04F3-433A-9325-9BA3BCD31A8E}.UnitTest|Any CPU.Build.0 = UnitTest|Any CPU
		{690BE151-04F3-433A-9325-9BA3BCD31A8E}.UnitTest|x64.ActiveCfg = UnitTest|x64
		{690BE151-04F3-433A-9325-9BA3BCD31A8E}.UnitTest|x64.Build.0 = UnitTest|x64
		{690BE151-04F3-433A-9325-9BA3BCD31A8E}.UnitTest|x86.ActiveCfg = UnitTest|x86
		{690BE151-04F3-433A-9325-9BA3BCD31A8E}.UnitTest|x86.Build.0 = UnitTest|x86
		{690BE151-04F3-433A-9325-9BA3BCD31A8E}.x86 For Profiling|Any CPU.ActiveCfg = x86 For Profiling|Any CPU
		{690BE151-04F3-433A-9325-9BA3BCD31A8E}.x86 For Profiling|Any CPU.Build.0 = x86 For Profiling|Any CPU
		{690BE151-04F3-433A-9325-9BA3BCD31A8E}.x86 For Profiling|x64.ActiveCfg = x86 For Profiling|x64
		{690BE151-04F3-433A-9325-9BA3BCD31A8E}.x86 For Profiling|x64.Build.0 = x86 For Profiling|x64
		{690BE151-04F3-433A-9325-9BA3BCD31A8E}.x86 For Profiling|x86.ActiveCfg = x86 For Profiling|x86
		{690BE151-04F3-433A-9325-9BA3BCD31A8E}.x86 For Profiling|x86.Build.0 = x86 For Profiling|x86
		{43BDC50E-B7AD-4E3D-BBCA-A68982F7573D}.Checkout Project Only|Any CPU.ActiveCfg = Debug|Any CPU
		{43BDC50E-B7AD-4E3D-BBCA-A68982F7573D}.Checkout Project Only|Any CPU.Build.0 = Debug|Any CPU
		{43BDC50E-B7AD-4E3D-BBCA-A68982F7573D}.Checkout Project Only|x64.ActiveCfg = Debug|x64
		{43BDC50E-B7AD-4E3D-BBCA-A68982F7573D}.Checkout Project Only|x64.Build.0 = Debug|x64
		{43BDC50E-B7AD-4E3D-BBCA-A68982F7573D}.Checkout Project Only|x86.ActiveCfg = Debug|x86
		{43BDC50E-B7AD-4E3D-BBCA-A68982F7573D}.Checkout Project Only|x86.Build.0 = Debug|x86
		{43BDC50E-B7AD-4E3D-BBCA-A68982F7573D}.Debug|Any CPU.ActiveCfg = Debug|Any CPU
		{43BDC50E-B7AD-4E3D-BBCA-A68982F7573D}.Debug|Any CPU.Build.0 = Debug|Any CPU
		{43BDC50E-B7AD-4E3D-BBCA-A68982F7573D}.Debug|x64.ActiveCfg = Debug|x64
		{43BDC50E-B7AD-4E3D-BBCA-A68982F7573D}.Debug|x64.Build.0 = Debug|x64
		{43BDC50E-B7AD-4E3D-BBCA-A68982F7573D}.Debug|x86.ActiveCfg = Debug|x86
		{43BDC50E-B7AD-4E3D-BBCA-A68982F7573D}.Debug|x86.Build.0 = Debug|x86
		{43BDC50E-B7AD-4E3D-BBCA-A68982F7573D}.LambdasOnly|Any CPU.ActiveCfg = Debug|Any CPU
		{43BDC50E-B7AD-4E3D-BBCA-A68982F7573D}.LambdasOnly|Any CPU.Build.0 = Debug|Any CPU
		{43BDC50E-B7AD-4E3D-BBCA-A68982F7573D}.LambdasOnly|x64.ActiveCfg = Debug|x64
		{43BDC50E-B7AD-4E3D-BBCA-A68982F7573D}.LambdasOnly|x64.Build.0 = Debug|x64
		{43BDC50E-B7AD-4E3D-BBCA-A68982F7573D}.LambdasOnly|x86.ActiveCfg = Debug|x86
		{43BDC50E-B7AD-4E3D-BBCA-A68982F7573D}.LambdasOnly|x86.Build.0 = Debug|x86
		{43BDC50E-B7AD-4E3D-BBCA-A68982F7573D}.Main Project Only|Any CPU.ActiveCfg = Main Project Only|Any CPU
		{43BDC50E-B7AD-4E3D-BBCA-A68982F7573D}.Main Project Only|Any CPU.Build.0 = Main Project Only|Any CPU
		{43BDC50E-B7AD-4E3D-BBCA-A68982F7573D}.Main Project Only|x64.ActiveCfg = Main Project Only|x64
		{43BDC50E-B7AD-4E3D-BBCA-A68982F7573D}.Main Project Only|x64.Build.0 = Main Project Only|x64
		{43BDC50E-B7AD-4E3D-BBCA-A68982F7573D}.Main Project Only|x86.ActiveCfg = Main Project Only|x86
		{43BDC50E-B7AD-4E3D-BBCA-A68982F7573D}.Main Project Only|x86.Build.0 = Main Project Only|x86
		{43BDC50E-B7AD-4E3D-BBCA-A68982F7573D}.Release|Any CPU.ActiveCfg = Release|Any CPU
		{43BDC50E-B7AD-4E3D-BBCA-A68982F7573D}.Release|Any CPU.Build.0 = Release|Any CPU
		{43BDC50E-B7AD-4E3D-BBCA-A68982F7573D}.Release|x64.ActiveCfg = Release|x64
		{43BDC50E-B7AD-4E3D-BBCA-A68982F7573D}.Release|x64.Build.0 = Release|x64
		{43BDC50E-B7AD-4E3D-BBCA-A68982F7573D}.Release|x86.ActiveCfg = Release|x86
		{43BDC50E-B7AD-4E3D-BBCA-A68982F7573D}.Release|x86.Build.0 = Release|x86
		{43BDC50E-B7AD-4E3D-BBCA-A68982F7573D}.Test|Any CPU.ActiveCfg = UnitTest|Any CPU
		{43BDC50E-B7AD-4E3D-BBCA-A68982F7573D}.Test|Any CPU.Build.0 = UnitTest|Any CPU
		{43BDC50E-B7AD-4E3D-BBCA-A68982F7573D}.Test|x64.ActiveCfg = UnitTest|x64
		{43BDC50E-B7AD-4E3D-BBCA-A68982F7573D}.Test|x64.Build.0 = UnitTest|x64
		{43BDC50E-B7AD-4E3D-BBCA-A68982F7573D}.Test|x86.ActiveCfg = UnitTest|x86
		{43BDC50E-B7AD-4E3D-BBCA-A68982F7573D}.Test|x86.Build.0 = UnitTest|x86
		{43BDC50E-B7AD-4E3D-BBCA-A68982F7573D}.UnitTest|Any CPU.ActiveCfg = UnitTest|Any CPU
		{43BDC50E-B7AD-4E3D-BBCA-A68982F7573D}.UnitTest|Any CPU.Build.0 = UnitTest|Any CPU
		{43BDC50E-B7AD-4E3D-BBCA-A68982F7573D}.UnitTest|x64.ActiveCfg = UnitTest|x64
		{43BDC50E-B7AD-4E3D-BBCA-A68982F7573D}.UnitTest|x64.Build.0 = UnitTest|x64
		{43BDC50E-B7AD-4E3D-BBCA-A68982F7573D}.UnitTest|x86.ActiveCfg = UnitTest|x86
		{43BDC50E-B7AD-4E3D-BBCA-A68982F7573D}.UnitTest|x86.Build.0 = UnitTest|x86
		{43BDC50E-B7AD-4E3D-BBCA-A68982F7573D}.x86 For Profiling|Any CPU.ActiveCfg = x86 For Profiling|Any CPU
		{43BDC50E-B7AD-4E3D-BBCA-A68982F7573D}.x86 For Profiling|Any CPU.Build.0 = x86 For Profiling|Any CPU
		{43BDC50E-B7AD-4E3D-BBCA-A68982F7573D}.x86 For Profiling|x64.ActiveCfg = x86 For Profiling|x64
		{43BDC50E-B7AD-4E3D-BBCA-A68982F7573D}.x86 For Profiling|x64.Build.0 = x86 For Profiling|x64
		{43BDC50E-B7AD-4E3D-BBCA-A68982F7573D}.x86 For Profiling|x86.ActiveCfg = x86 For Profiling|x86
		{43BDC50E-B7AD-4E3D-BBCA-A68982F7573D}.x86 For Profiling|x86.Build.0 = x86 For Profiling|x86
	EndGlobalSection
	GlobalSection(SolutionProperties) = preSolution
		HideSolutionNode = FALSE
	EndGlobalSection
	GlobalSection(NestedProjects) = preSolution
		{35467CD3-94AA-4BB7-A20F-F135D462FEF3} = {06002C67-C3F1-4B46-8BAF-EE9B5DFB2B49}
		{690BE151-04F3-433A-9325-9BA3BCD31A8E} = {06002C67-C3F1-4B46-8BAF-EE9B5DFB2B49}
		{43BDC50E-B7AD-4E3D-BBCA-A68982F7573D} = {06002C67-C3F1-4B46-8BAF-EE9B5DFB2B49}
	EndGlobalSection
	GlobalSection(ExtensibilityGlobals) = postSolution
		SolutionGuid = {74535B0F-669D-42CD-B002-283052F8AF0B}
	EndGlobalSection
EndGlobal
