
Microsoft Visual Studio Solution File, Format Version 12.00
# Visual Studio 2013
VisualStudioVersion = 12.0.31101.0
MinimumVisualStudioVersion = 10.0.40219.1
Project("{FAE04EC0-301F-11D3-BF4B-00C04F79EFBC}") = "EventInventory", "..\..\..\_Source\EventInventory.csproj", "{690BE151-04F3-433A-9325-9BA3BCD31A8E}"
EndProject
Project("{FAE04EC0-301F-11D3-BF4B-00C04F79EFBC}") = "InstallCustomActions", "..\..\InstallCustomActions\_Source\InstallCustomActions.csproj", "{A380F29B-349F-46F9-8745-A4197AF656CA}"
EndProject
Project("{FAE04EC0-301F-11D3-BF4B-00C04F79EFBC}") = "CryptoKeyGenerator", "CryptoKeyGenerator.csproj", "{DBF251EB-BEFF-4B11-B6DA-A102336D5060}"
EndProject
Global
	GlobalSection(TeamFoundationVersionControl) = preSolution
		SccNumberOfProjects = 2
		SccEnterpriseProvider = {4CA58AB2-18FA-4F8D-95D4-32DDF27D184C}
		SccTeamFoundationServer = http://tntfappsrv01:8080/tfs/enterprise
		SccProjectUniqueName0 = ..\\..\\..\\_Source\\EventInventory.csproj
		SccProjectName0 = ../../../_Source
		SccAuxPath0 = http://tntfappsrv01:8080/tfs/enterprise
		SccLocalPath0 = ..\\..\\..\\_Source
		SccProvider0 = {4CA58AB2-18FA-4F8D-95D4-32DDF27D184C}
		SccProjectUniqueName1 = ..\\..\\InstallCustomActions\\_Source\\InstallCustomActions.csproj
		SccProjectName1 = ../../InstallCustomActions/_Source
		SccAuxPath1 = http://tntfappsrv01:8080/tfs/enterprise
		SccLocalPath1 = ..\\..\\InstallCustomActions\\_Source
		SccProvider1 = {4CA58AB2-18FA-4F8D-95D4-32DDF27D184C}
	EndGlobalSection
	GlobalSection(SolutionConfigurationPlatforms) = preSolution
		Debug|Any CPU = Debug|Any CPU
		Release|Any CPU = Release|Any CPU
		Test|Any CPU = Test|Any CPU
	EndGlobalSection
	GlobalSection(ProjectConfigurationPlatforms) = postSolution
		{690BE151-04F3-433A-9325-9BA3BCD31A8E}.Debug|Any CPU.ActiveCfg = Debug|Any CPU
		{690BE151-04F3-433A-9325-9BA3BCD31A8E}.Debug|Any CPU.Build.0 = Debug|Any CPU
		{690BE151-04F3-433A-9325-9BA3BCD31A8E}.Release|Any CPU.ActiveCfg = Release|Any CPU
		{690BE151-04F3-433A-9325-9BA3BCD31A8E}.Release|Any CPU.Build.0 = Release|Any CPU
		{690BE151-04F3-433A-9325-9BA3BCD31A8E}.Test|Any CPU.ActiveCfg = Test|Any CPU
		{690BE151-04F3-433A-9325-9BA3BCD31A8E}.Test|Any CPU.Build.0 = Test|Any CPU
		{A380F29B-349F-46F9-8745-A4197AF656CA}.Debug|Any CPU.ActiveCfg = Debug|Any CPU
		{A380F29B-349F-46F9-8745-A4197AF656CA}.Debug|Any CPU.Build.0 = Debug|Any CPU
		{A380F29B-349F-46F9-8745-A4197AF656CA}.Release|Any CPU.ActiveCfg = Release|Any CPU
		{A380F29B-349F-46F9-8745-A4197AF656CA}.Release|Any CPU.Build.0 = Release|Any CPU
		{A380F29B-349F-46F9-8745-A4197AF656CA}.Test|Any CPU.ActiveCfg = Release|Any CPU
		{A380F29B-349F-46F9-8745-A4197AF656CA}.Test|Any CPU.Build.0 = Release|Any CPU
		{DBF251EB-BEFF-4B11-B6DA-A102336D5060}.Debug|Any CPU.ActiveCfg = Debug|Any CPU
		{DBF251EB-BEFF-4B11-B6DA-A102336D5060}.Debug|Any CPU.Build.0 = Debug|Any CPU
		{DBF251EB-BEFF-4B11-B6DA-A102336D5060}.Release|Any CPU.ActiveCfg = Release|Any CPU
		{DBF251EB-BEFF-4B11-B6DA-A102336D5060}.Release|Any CPU.Build.0 = Release|Any CPU
		{DBF251EB-BEFF-4B11-B6DA-A102336D5060}.Test|Any CPU.ActiveCfg = Release|Any CPU
		{DBF251EB-BEFF-4B11-B6DA-A102336D5060}.Test|Any CPU.Build.0 = Release|Any CPU
	EndGlobalSection
	GlobalSection(SolutionProperties) = preSolution
		HideSolutionNode = FALSE
	EndGlobalSection
EndGlobal
